
Microsoft Visual Studio Solution File, Format Version 12.00
# Visual Studio Version 17
VisualStudioVersion = 17.14.36025.13
MinimumVisualStudioVersion = 10.0.40219.1
Project("{8BC9CEB8-8B4A-11D0-8D11-00A0C91BC942}") = "HelloUEFI", "HelloUEFI\HelloUEFI.vcxproj", "{8396E003-0C6D-4A68-B83C-D009E8C5B73A}"
EndProject
Global
	GlobalSection(SolutionConfigurationPlatforms) = preSolution
		Debug|x64 = Debug|x64
		Debug|x86 = Debug|x86
		Release|x64 = Release|x64
		Release|x86 = Release|x86
	EndGlobalSection
	GlobalSection(ProjectConfigurationPlatforms) = postSolution
		{8396E003-0C6D-4A68-B83C-D009E8C5B73A}.Debug|x64.ActiveCfg = Debug|x64
		{8396E003-0C6D-4A68-B83C-D009E8C5B73A}.Debug|x64.Build.0 = Debug|x64
		{8396E003-0C6D-4A68-B83C-D009E8C5B73A}.Debug|x86.ActiveCfg = Debug|x64
		{8396E003-0C6D-4A68-B83C-D009E8C5B73A}.Release|x64.ActiveCfg = Release|x64
		{8396E003-0C6D-4A68-B83C-D009E8C5B73A}.Release|x64.Build.0 = Release|x64
		{8396E003-0C6D-4A68-B83C-D009E8C5B73A}.Release|x86.ActiveCfg = Release|x64
	EndGlobalSection
	GlobalSection(SolutionProperties) = preSolution
		HideSolutionNode = FALSE
	EndGlobalSection
	GlobalSection(ExtensibilityGlobals) = postSolution
		SolutionGuid = {430C46F0-089E-45BE-8675-A5BE47427F21}
	EndGlobalSection
EndGlobal
